// !$*UTF8*$!
{
	archiveVersion = 1;
	classes = {
	};
	objectVersion = 50;
	objects = {

/* Begin PBXBuildFile section */
		2821D228214F9E8F00842603 /* AppDelegate.swift in Sources */ = {isa = PBXBuildFile; fileRef = 2821D227214F9E8F00842603 /* AppDelegate.swift */; };
		2821D22A214F9E8F00842603 /* ViewController.swift in Sources */ = {isa = PBXBuildFile; fileRef = 2821D229214F9E8F00842603 /* ViewController.swift */; };
		2821D22D214F9E8F00842603 /* Main.storyboard in Resources */ = {isa = PBXBuildFile; fileRef = 2821D22B214F9E8F00842603 /* Main.storyboard */; };
		2821D22F214F9E9200842603 /* Assets.xcassets in Resources */ = {isa = PBXBuildFile; fileRef = 2821D22E214F9E9200842603 /* Assets.xcassets */; };
		2821D232214F9E9200842603 /* LaunchScreen.storyboard in Resources */ = {isa = PBXBuildFile; fileRef = 2821D230214F9E9200842603 /* LaunchScreen.storyboard */; };
		2821D23A214FA27A00842603 /* DesignView.swift in Sources */ = {isa = PBXBuildFile; fileRef = 2821D239214FA27A00842603 /* DesignView.swift */; };
		2821D23C214FC76B00842603 /* CircularTransition.swift in Sources */ = {isa = PBXBuildFile; fileRef = 2821D23B214FC76B00842603 /* CircularTransition.swift */; };
/* End PBXBuildFile section */

/* Begin PBXFileReference section */
		2821D224214F9E8F00842603 /* settingRevel.app */ = {isa = PBXFileReference; explicitFileType = wrapper.application; includeInIndex = 0; path = settingRevel.app; sourceTree = BUILT_PRODUCTS_DIR; };
		2821D227214F9E8F00842603 /* AppDelegate.swift */ = {isa = PBXFileReference; lastKnownFileType = sourcecode.swift; path = AppDelegate.swift; sourceTree = "<group>"; };
		2821D229214F9E8F00842603 /* ViewController.swift */ = {isa = PBXFileReference; lastKnownFileType = sourcecode.swift; path = ViewController.swift; sourceTree = "<group>"; };
		2821D22C214F9E8F00842603 /* Base */ = {isa = PBXFileReference; lastKnownFileType = file.storyboard; name = Base; path = Base.lproj/Main.storyboard; sourceTree = "<group>"; };
		2821D22E214F9E9200842603 /* Assets.xcassets */ = {isa = PBXFileReference; lastKnownFileType = folder.assetcatalog; path = Assets.xcassets; sourceTree = "<group>"; };
		2821D231214F9E9200842603 /* Base */ = {isa = PBXFileReference; lastKnownFileType = file.storyboard; name = Base; path = Base.lproj/LaunchScreen.storyboard; sourceTree = "<group>"; };
		2821D233214F9E9200842603 /* Info.plist */ = {isa = PBXFileReference; lastKnownFileType = text.plist.xml; path = Info.plist; sourceTree = "<group>"; };
		2821D239214FA27A00842603 /* DesignView.swift */ = {isa = PBXFileReference; lastKnownFileType = sourcecode.swift; path = DesignView.swift; sourceTree = "<group>"; };
		2821D23B214FC76B00842603 /* CircularTransition.swift */ = {isa = PBXFileReference; fileEncoding = 4; lastKnownFileType = sourcecode.swift; path = CircularTransition.swift; sourceTree = "<group>"; };
/* End PBXFileReference section */

/* Begin PBXFrameworksBuildPhase section */
		2821D221214F9E8E00842603 /* Frameworks */ = {
			isa = PBXFrameworksBuildPhase;
			buildActionMask = 2147483647;
			files = (
			);
			runOnlyForDeploymentPostprocessing = 0;
		};
/* End PBXFrameworksBuildPhase section */

/* Begin PBXGroup section */
		2821D21B214F9E8E00842603 = {
			isa = PBXGroup;
			children = (
				2821D226214F9E8F00842603 /* settingRevel */,
				2821D225214F9E8F00842603 /* Products */,
			);
			sourceTree = "<group>";
		};
		2821D225214F9E8F00842603 /* Products */ = {
			isa = PBXGroup;
			children = (
				2821D224214F9E8F00842603 /* settingRevel.app */,
			);
			name = Products;
			sourceTree = "<group>";
		};
		2821D226214F9E8F00842603 /* settingRevel */ = {
			isa = PBXGroup;
			children = (
				2821D227214F9E8F00842603 /* AppDelegate.swift */,
				2821D23B214FC76B00842603 /* CircularTransition.swift */,
				2821D229214F9E8F00842603 /* ViewController.swift */,
				2821D22B214F9E8F00842603 /* Main.storyboard */,
				2821D239214FA27A00842603 /* DesignView.swift */,
				2821D22E214F9E9200842603 /* Assets.xcassets */,
				2821D230214F9E9200842603 /* LaunchScreen.storyboard */,
				2821D233214F9E9200842603 /* Info.plist */,
			);
			path = settingRevel;
			sourceTree = "<group>";
		};
/* End PBXGroup section */

/* Begin PBXNativeTarget section */
		2821D223214F9E8E00842603 /* settingRevel */ = {
			isa = PBXNativeTarget;
			buildConfigurationList = 2821D236214F9E9200842603 /* Build configuration list for PBXNativeTarget "settingRevel" */;
			buildPhases = (
				2821D220214F9E8E00842603 /* Sources */,
				2821D221214F9E8E00842603 /* Frameworks */,
				2821D222214F9E8E00842603 /* Resources */,
			);
			buildRules = (
			);
			dependencies = (
			);
			name = settingRevel;
			productName = settingRevel;
			productReference = 2821D224214F9E8F00842603 /* settingRevel.app */;
			productType = "com.apple.product-type.application";
		};
/* End PBXNativeTarget section */

/* Begin PBXProject section */
		2821D21C214F9E8E00842603 /* Project object */ = {
			isa = PBXProject;
			attributes = {
				LastSwiftUpdateCheck = 0940;
				LastUpgradeCheck = 0940;
				ORGANIZATIONNAME = GeekGuns;
				TargetAttributes = {
					2821D223214F9E8E00842603 = {
						CreatedOnToolsVersion = 9.4.1;
					};
				};
			};
			buildConfigurationList = 2821D21F214F9E8E00842603 /* Build configuration list for PBXProject "settingRevel" */;
			compatibilityVersion = "Xcode 9.3";
			developmentRegion = en;
			hasScannedForEncodings = 0;
			knownRegions = (
				en,
				Base,
			);
			mainGroup = 2821D21B214F9E8E00842603;
			productRefGroup = 2821D225214F9E8F00842603 /* Products */;
			projectDirPath = "";
			projectRoot = "";
			targets = (
				2821D223214F9E8E00842603 /* settingRevel */,
			);
		};
/* End PBXProject section */

/* Begin PBXResourcesBuildPhase section */
		2821D222214F9E8E00842603 /* Resources */ = {
			isa = PBXResourcesBuildPhase;
			buildActionMask = 2147483647;
			files = (
				2821D232214F9E9200842603 /* LaunchScreen.storyboard in Resources */,
				2821D22F214F9E9200842603 /* Assets.xcassets in Resources */,
				2821D22D214F9E8F00842603 /* Main.storyboard in Resources */,
			);
			runOnlyForDeploymentPostprocessing = 0;
		};
/* End PBXResourcesBuildPhase section */

/* Begin PBXSourcesBuildPhase section */
		2821D220214F9E8E00842603 /* Sources */ = {
			isa = PBXSourcesBuildPhase;
			buildActionMask = 2147483647;
			files = (
				2821D22A214F9E8F00842603 /* ViewController.swift in Sources */,
				2821D228214F9E8F00842603 /* AppDelegate.swift in Sources */,
				2821D23A214FA27A00842603 /* DesignView.swift in Sources */,
				2821D23C214FC76B00842603 /* CircularTransition.swift in Sources */,
			);
			runOnlyForDeploymentPostprocessing = 0;
		};
/* End PBXSourcesBuildPhase section */

/* Begin PBXVariantGroup section */
		2821D22B214F9E8F00842603 /* Main.storyboard */ = {
			isa = PBXVariantGroup;
			children = (
				2821D22C214F9E8F00842603 /* Base */,
			);
			name = Main.storyboard;
			sourceTree = "<group>";
		};
		2821D230214F9E9200842603 /* LaunchScreen.storyboard */ = {
			isa = PBXVariantGroup;
			children = (
				2821D231214F9E9200842603 /* Base */,
			);
			name = LaunchScreen.storyboard;
			sourceTree = "<group>";
		};
/* End PBXVariantGroup section */

/* Begin XCBuildConfiguration section */
		2821D234214F9E9200842603 /* Debug */ = {
			isa = XCBuildConfiguration;
			buildSettings = {
				ALWAYS_SEARCH_USER_PATHS = NO;
				CLANG_ANALYZER_NONNULL = YES;
				CLANG_ANALYZER_NUMBER_OBJECT_CONVERSION = YES_AGGRESSIVE;
				CLANG_CXX_LANGUAGE_STANDARD = "gnu++14";
				CLANG_CXX_LIBRARY = "libc++";
				CLANG_ENABLE_MODULES = YES;
				CLANG_ENABLE_OBJC_ARC = YES;
				CLANG_ENABLE_OBJC_WEAK = YES;
				CLANG_WARN_BLOCK_CAPTURE_AUTORELEASING = YES;
				CLANG_WARN_BOOL_CONVERSION = YES;
				CLANG_WARN_COMMA = YES;
				CLANG_WARN_CONSTANT_CONVERSION = YES;
				CLANG_WARN_DEPRECATED_OBJC_IMPLEMENTATIONS = YES;
				CLANG_WARN_DIRECT_OBJC_ISA_USAGE = YES_ERROR;
				CLANG_WARN_DOCUMENTATION_COMMENTS = YES;
				CLANG_WARN_EMPTY_BODY = YES;
				CLANG_WARN_ENUM_CONVERSION = YES;
				CLANG_WARN_INFINITE_RECURSION = YES;
				CLANG_WARN_INT_CONVERSION = YES;
				CLANG_WARN_NON_LITERAL_NULL_CONVERSION = YES;
				CLANG_WARN_OBJC_IMPLICIT_RETAIN_SELF = YES;
				CLANG_WARN_OBJC_LITERAL_CONVERSION = YES;
				CLANG_WARN_OBJC_ROOT_CLASS = YES_ERROR;
				CLANG_WARN_RANGE_LOOP_ANALYSIS = YES;
				CLANG_WARN_STRICT_PROTOTYPES = YES;
				CLANG_WARN_SUSPICIOUS_MOVE = YES;
				CLANG_WARN_UNGUARDED_AVAILABILITY = YES_AGGRESSIVE;
				CLANG_WARN_UNREACHABLE_CODE = YES;
				CLANG_WARN__DUPLICATE_METHOD_MATCH = YES;
				CODE_SIGN_IDENTITY = "iPhone Developer";
				COPY_PHASE_STRIP = NO;
				DEBUG_INFORMATION_FORMAT = dwarf;
				ENABLE_STRICT_OBJC_MSGSEND = YES;
				ENABLE_TESTABILITY = YES;
				GCC_C_LANGUAGE_STANDARD = gnu11;
				GCC_DYNAMIC_NO_PIC = NO;
				GCC_NO_COMMON_BLOCKS = YES;
				GCC_OPTIMIZATION_LEVEL = 0;
				GCC_PREPROCESSOR_DEFINITIONS = (
					"DEBUG=1",
					"$(inherited)",
				);
				GCC_WARN_64_TO_32_BIT_CONVERSION = YES;
				GCC_WARN_ABOUT_RETURN_TYPE = YES_ERROR;
				GCC_WARN_UNDECLARED_SELECTOR = YES;
				GCC_WARN_UNINITIALIZED_AUTOS = YES_AGGRESSIVE;
				GCC_WARN_UNUSED_FUNCTION = YES;
				GCC_WARN_UNUSED_VARIABLE = YES;
				IPHONEOS_DEPLOYMENT_TARGET = 11.4;
				MTL_ENABLE_DEBUG_INFO = YES;
				ONLY_ACTIVE_ARCH = YES;
				SDKROOT = iphoneos;
				SWIFT_ACTIVE_COMPILATION_CONDITIONS = DEBUG;
				SWIFT_OPTIMIZATION_LEVEL = "-Onone";
			};
			name = Debug;
		};
		2821D235214F9E9200842603 /* Release */ = {
			isa = XCBuildConfiguration;
			buildSettings = {
				ALWAYS_SEARCH_USER_PATHS = NO;
				CLANG_ANALYZER_NONNULL = YES;
				CLANG_ANALYZER_NUMBER_OBJECT_CONVERSION = YES_AGGRESSIVE;
				CLANG_CXX_LANGUAGE_STANDARD = "gnu++14";
				CLANG_CXX_LIBRARY = "libc++";
				CLANG_ENABLE_MODULES = YES;
				CLANG_ENABLE_OBJC_ARC = YES;
				CLANG_ENABLE_OBJC_WEAK = YES;
				CLANG_WARN_BLOCK_CAPTURE_AUTORELEASING = YES;
				CLANG_WARN_BOOL_CONVERSION = YES;
				CLANG_WARN_COMMA = YES;
				CLANG_WARN_CONSTANT_CONVERSION = YES;
				CLANG_WARN_DEPRECATED_OBJC_IMPLEMENTATIONS = YES;
				CLANG_WARN_DIRECT_OBJC_ISA_USAGE = YES_ERROR;
				CLANG_WARN_DOCUMENTATION_COMMENTS = YES;
				CLANG_WARN_EMPTY_BODY = YES;
				CLANG_WARN_ENUM_CONVERSION = YES;
				CLANG_WARN_INFINITE_RECURSION = YES;
				CLANG_WARN_INT_CONVERSION = YES;
				CLANG_WARN_NON_LITERAL_NULL_CONVERSION = YES;
				CLANG_WARN_OBJC_IMPLICIT_RETAIN_SELF = YES;
				CLANG_WARN_OBJC_LITERAL_CONVERSION = YES;
				CLANG_WARN_OBJC_ROOT_CLASS = YES_ERROR;
				CLANG_WARN_RANGE_LOOP_ANALYSIS = YES;
				CLANG_WARN_STRICT_PROTOTYPES = YES;
				CLANG_WARN_SUSPICIOUS_MOVE = YES;
				CLANG_WARN_UNGUARDED_AVAILABILITY = YES_AGGRESSIVE;
				CLANG_WARN_UNREACHABLE_CODE = YES;
				CLANG_WARN__DUPLICATE_METHOD_MATCH = YES;
				CODE_SIGN_IDENTITY = "iPhone Developer";
				COPY_PHASE_STRIP = NO;
				DEBUG_INFORMATION_FORMAT = "dwarf-with-dsym";
				ENABLE_NS_ASSERTIONS = NO;
				ENABLE_STRICT_OBJC_MSGSEND = YES;
				GCC_C_LANGUAGE_STANDARD = gnu11;
				GCC_NO_COMMON_BLOCKS = YES;
				GCC_WARN_64_TO_32_BIT_CONVERSION = YES;
				GCC_WARN_ABOUT_RETURN_TYPE = YES_ERROR;
				GCC_WARN_UNDECLARED_SELECTOR = YES;
				GCC_WARN_UNINITIALIZED_AUTOS = YES_AGGRESSIVE;
				GCC_WARN_UNUSED_FUNCTION = YES;
				GCC_WARN_UNUSED_VARIABLE = YES;
				IPHONEOS_DEPLOYMENT_TARGET = 11.4;
				MTL_ENABLE_DEBUG_INFO = NO;
				SDKROOT = iphoneos;
				SWIFT_COMPILATION_MODE = wholemodule;
				SWIFT_OPTIMIZATION_LEVEL = "-O";
				VALIDATE_PRODUCT = YES;
			};
			name = Release;
		};
		2821D237214F9E9200842603 /* Debug */ = {
			isa = XCBuildConfiguration;
			buildSettings = {
				ASSETCATALOG_COMPILER_APPICON_NAME = AppIcon;
				CODE_SIGN_STYLE = Automatic;
				DEVELOPMENT_TEAM = ZU5GR4FRVD;
				INFOPLIST_FILE = settingRevel/Info.plist;
				LD_RUNPATH_SEARCH_PATHS = (
					"$(inherited)",
					"@executable_path/Frameworks",
				);
				PRODUCT_BUNDLE_IDENTIFIER = com.geekguns.settingRevel;
				PRODUCT_NAME = "$(TARGET_NAME)";
				SWIFT_VERSION = 4.0;
				TARGETED_DEVICE_FAMILY = "1,2";
			};
			name = Debug;
		};
		2821D238214F9E9200842603 /* Release */ = {
			isa = XCBuildConfiguration;
			buildSettings = {
				ASSETCATALOG_COMPILER_APPICON_NAME = AppIcon;
				CODE_SIGN_STYLE = Automatic;
				DEVELOPMENT_TEAM = ZU5GR4FRVD;
				INFOPLIST_FILE = settingRevel/Info.plist;
				LD_RUNPATH_SEARCH_PATHS = (
					"$(inherited)",
					"@executable_path/Frameworks",
				);
				PRODUCT_BUNDLE_IDENTIFIER = com.geekguns.settingRevel;
				PRODUCT_NAME = "$(TARGET_NAME)";
				SWIFT_VERSION = 4.0;
				TARGETED_DEVICE_FAMILY = "1,2";
			};
			name = Release;
		};
/* End XCBuildConfiguration section */

/* Begin XCConfigurationList section */
		2821D21F214F9E8E00842603 /* Build configuration list for PBXProject "settingRevel" */ = {
			isa = XCConfigurationList;
			buildConfigurations = (
				2821D234214F9E9200842603 /* Debug */,
				2821D235214F9E9200842603 /* Release */,
			);
			defaultConfigurationIsVisible = 0;
			defaultConfigurationName = Release;
		};
		2821D236214F9E9200842603 /* Build configuration list for PBXNativeTarget "settingRevel" */ = {
			isa = XCConfigurationList;
			buildConfigurations = (
				2821D237214F9E9200842603 /* Debug */,
				2821D238214F9E9200842603 /* Release */,
			);
			defaultConfigurationIsVisible = 0;
			defaultConfigurationName = Release;
		};
/* End XCConfigurationList section */
	};
	rootObject = 2821D21C214F9E8E00842603 /* Project object */;
}
